
Microsoft Visual Studio Solution File, Format Version 12.00
# Visual Studio Version 16
VisualStudioVersion = 16.0.30104.148
MinimumVisualStudioVersion = 10.0.40219.1
Project("{2150E333-8FDC-42A3-9474-1A3956D46DE8}") = "Application", "Application", "{D8728080-FB33-4CC6-B100-51F867250E90}"
EndProject
Project("{2150E333-8FDC-42A3-9474-1A3956D46DE8}") = "Domain", "Domain", "{3068ACC6-DBF1-49BD-AE97-76091A2669ED}"
EndProject
Project("{2150E333-8FDC-42A3-9474-1A3956D46DE8}") = "Infra.IoC", "Infra.IoC", "{AB895305-BA5E-424C-AF87-A31375909C03}"
EndProject
Project("{2150E333-8FDC-42A3-9474-1A3956D46DE8}") = "Infra.Data", "Infra.Data", "{28210E4F-29DD-4561-B6E8-92AA809BCB37}"
EndProject
Project("{2150E333-8FDC-42A3-9474-1A3956D46DE8}") = "Presentation", "Presentation", "{73D88762-D8D4-4A28-8509-AF07B41CB7CB}"
EndProject
Project("{9A19103F-16F7-4668-BE54-9A1E7A4F7556}") = "CleanArch.Mvc", "CleanArch.Mvc\CleanArch.Mvc.csproj", "{2EB62E8D-12A4-4992-A365-105CD9430F9E}"
EndProject
Global
	GlobalSection(SolutionConfigurationPlatforms) = preSolution
		Debug|Any CPU = Debug|Any CPU
		Release|Any CPU = Release|Any CPU
	EndGlobalSection
	GlobalSection(ProjectConfigurationPlatforms) = postSolution
		{2EB62E8D-12A4-4992-A365-105CD9430F9E}.Debug|Any CPU.ActiveCfg = Debug|Any CPU
		{2EB62E8D-12A4-4992-A365-105CD9430F9E}.Debug|Any CPU.Build.0 = Debug|Any CPU
		{2EB62E8D-12A4-4992-A365-105CD9430F9E}.Release|Any CPU.ActiveCfg = Release|Any CPU
		{2EB62E8D-12A4-4992-A365-105CD9430F9E}.Release|Any CPU.Build.0 = Release|Any CPU
	EndGlobalSection
	GlobalSection(SolutionProperties) = preSolution
		HideSolutionNode = FALSE
	EndGlobalSection
	GlobalSection(NestedProjects) = preSolution
		{2EB62E8D-12A4-4992-A365-105CD9430F9E} = {73D88762-D8D4-4A28-8509-AF07B41CB7CB}
	EndGlobalSection
	GlobalSection(ExtensibilityGlobals) = postSolution
		SolutionGuid = {CE314080-2653-4F4B-82AB-953F62367045}
	EndGlobalSection
EndGlobal
